
Microsoft Visual Studio Solution File, Format Version 12.00
# Visual Studio Version 17
VisualStudioVersion = 17.7.34031.279
MinimumVisualStudioVersion = 10.0.40219.1
Project("{FAE04EC0-301F-11D3-BF4B-00C04F79EFBC}") = "FileStoreBackend", "FileStoreBackend\FileStoreBackend.csproj", "{18B50FF7-2810-4A08-85AA-5A392787EC7F}"
EndProject
Global
	GlobalSection(SolutionConfigurationPlatforms) = preSolution
		Debug|Any CPU = Debug|Any CPU
		Release|Any CPU = Release|Any CPU
	EndGlobalSection
	GlobalSection(ProjectConfigurationPlatforms) = postSolution
		{18B50FF7-2810-4A08-85AA-5A392787EC7F}.Debug|Any CPU.ActiveCfg = Debug|Any CPU
		{18B50FF7-2810-4A08-85AA-5A392787EC7F}.Debug|Any CPU.Build.0 = Debug|Any CPU
		{18B50FF7-2810-4A08-85AA-5A392787EC7F}.Release|Any CPU.ActiveCfg = Release|Any CPU
		{18B50FF7-2810-4A08-85AA-5A392787EC7F}.Release|Any CPU.Build.0 = Release|Any CPU
	EndGlobalSection
	GlobalSection(SolutionProperties) = preSolution
		HideSolutionNode = FALSE
	EndGlobalSection
	GlobalSection(ExtensibilityGlobals) = postSolution
		SolutionGuid = {B3CCC8FA-8637-477B-839E-7E704FCA9619}
	EndGlobalSection
EndGlobal
